
Microsoft Visual Studio Solution File, Format Version 12.00
# Visual Studio 15
VisualStudioVersion = 15.0.28307.168
MinimumVisualStudioVersion = 10.0.40219.1
Project("{FAE04EC0-301F-11D3-BF4B-00C04F79EFBC}") = "c4GUI", "c4GUI\c4GUI.csproj", "{F628E251-C6B8-48D1-8A63-07DE8036091A}"
EndProject
Global
	GlobalSection(SolutionConfigurationPlatforms) = preSolution
		Debug|Any CPU = Debug|Any CPU
		Release|Any CPU = Release|Any CPU
	EndGlobalSection
	GlobalSection(ProjectConfigurationPlatforms) = postSolution
		{F628E251-C6B8-48D1-8A63-07DE8036091A}.Debug|Any CPU.ActiveCfg = Debug|Any CPU
		{F628E251-C6B8-48D1-8A63-07DE8036091A}.Debug|Any CPU.Build.0 = Debug|Any CPU
		{F628E251-C6B8-48D1-8A63-07DE8036091A}.Release|Any CPU.ActiveCfg = Release|Any CPU
		{F628E251-C6B8-48D1-8A63-07DE8036091A}.Release|Any CPU.Build.0 = Release|Any CPU
	EndGlobalSection
	GlobalSection(SolutionProperties) = preSolution
		HideSolutionNode = FALSE
	EndGlobalSection
	GlobalSection(ExtensibilityGlobals) = postSolution
		SolutionGuid = {35339CA4-B7F8-4CAB-8F82-94DBE92FC497}
	EndGlobalSection
EndGlobal
